// !$*UTF8*$!
{
	archiveVersion = 1;
	classes = {
	};
	objectVersion = 55;
	objects = {

/* Begin PBXBuildFile section */
		0132CF39CD9231A6241647E0 /* Pods_RxMemo.framework in Frameworks */ = {isa = PBXBuildFile; fileRef = 19DBCB7C4E880754364A1D2A /* Pods_RxMemo.framework */; };
		065DF26827C6099300FBCBD3 /* Memo.swift in Sources */ = {isa = PBXBuildFile; fileRef = 065DF26727C6099300FBCBD3 /* Memo.swift */; };
		065DF26A27C60A6D00FBCBD3 /* MemoStorageType.swift in Sources */ = {isa = PBXBuildFile; fileRef = 065DF26927C60A6D00FBCBD3 /* MemoStorageType.swift */; };
		065DF26E27C60B2200FBCBD3 /* MemoryStorage.swift in Sources */ = {isa = PBXBuildFile; fileRef = 065DF26D27C60B2200FBCBD3 /* MemoryStorage.swift */; };
		065DF27127C616B600FBCBD3 /* MemoListViewController.swift in Sources */ = {isa = PBXBuildFile; fileRef = 065DF27027C616B600FBCBD3 /* MemoListViewController.swift */; };
		065DF27327C616EC00FBCBD3 /* MemoDetailViewController.swift in Sources */ = {isa = PBXBuildFile; fileRef = 065DF27227C616EC00FBCBD3 /* MemoDetailViewController.swift */; };
		065DF27527C6171F00FBCBD3 /* MemoComposeViewController.swift in Sources */ = {isa = PBXBuildFile; fileRef = 065DF27427C6171F00FBCBD3 /* MemoComposeViewController.swift */; };
		065DF27727C6178C00FBCBD3 /* MemoListViewModel.swift in Sources */ = {isa = PBXBuildFile; fileRef = 065DF27627C6178C00FBCBD3 /* MemoListViewModel.swift */; };
		06F1B64F27C6004E00AD290E /* AppDelegate.swift in Sources */ = {isa = PBXBuildFile; fileRef = 06F1B64E27C6004E00AD290E /* AppDelegate.swift */; };
		06F1B65127C6004E00AD290E /* SceneDelegate.swift in Sources */ = {isa = PBXBuildFile; fileRef = 06F1B65027C6004E00AD290E /* SceneDelegate.swift */; };
		06F1B65627C6004E00AD290E /* Main.storyboard in Resources */ = {isa = PBXBuildFile; fileRef = 06F1B65427C6004E00AD290E /* Main.storyboard */; };
		06F1B65927C6004E00AD290E /* RxMemo.xcdatamodeld in Sources */ = {isa = PBXBuildFile; fileRef = 06F1B65727C6004E00AD290E /* RxMemo.xcdatamodeld */; };
		06F1B65B27C6005000AD290E /* Assets.xcassets in Resources */ = {isa = PBXBuildFile; fileRef = 06F1B65A27C6005000AD290E /* Assets.xcassets */; };
		06F1B65E27C6005000AD290E /* LaunchScreen.storyboard in Resources */ = {isa = PBXBuildFile; fileRef = 06F1B65C27C6005000AD290E /* LaunchScreen.storyboard */; };
		1CA0394127C619A000647973 /* MemoDetailViewModel.swift in Sources */ = {isa = PBXBuildFile; fileRef = 1CA0394027C619A000647973 /* MemoDetailViewModel.swift */; };
		1CA0394327C61A2F00647973 /* MemoComposeViewModel.swift in Sources */ = {isa = PBXBuildFile; fileRef = 1CA0394227C61A2F00647973 /* MemoComposeViewModel.swift */; };
		1CA0394527C61ABF00647973 /* ViewModelBindableType.swift in Sources */ = {isa = PBXBuildFile; fileRef = 1CA0394427C61ABF00647973 /* ViewModelBindableType.swift */; };
/* End PBXBuildFile section */

/* Begin PBXFileReference section */
		065DF26727C6099300FBCBD3 /* Memo.swift */ = {isa = PBXFileReference; lastKnownFileType = sourcecode.swift; path = Memo.swift; sourceTree = "<group>"; };
		065DF26927C60A6D00FBCBD3 /* MemoStorageType.swift */ = {isa = PBXFileReference; lastKnownFileType = sourcecode.swift; path = MemoStorageType.swift; sourceTree = "<group>"; };
		065DF26D27C60B2200FBCBD3 /* MemoryStorage.swift */ = {isa = PBXFileReference; lastKnownFileType = sourcecode.swift; path = MemoryStorage.swift; sourceTree = "<group>"; };
		065DF27027C616B600FBCBD3 /* MemoListViewController.swift */ = {isa = PBXFileReference; lastKnownFileType = sourcecode.swift; path = MemoListViewController.swift; sourceTree = "<group>"; };
		065DF27227C616EC00FBCBD3 /* MemoDetailViewController.swift */ = {isa = PBXFileReference; lastKnownFileType = sourcecode.swift; path = MemoDetailViewController.swift; sourceTree = "<group>"; };
		065DF27427C6171F00FBCBD3 /* MemoComposeViewController.swift */ = {isa = PBXFileReference; lastKnownFileType = sourcecode.swift; path = MemoComposeViewController.swift; sourceTree = "<group>"; };
		065DF27627C6178C00FBCBD3 /* MemoListViewModel.swift */ = {isa = PBXFileReference; lastKnownFileType = sourcecode.swift; path = MemoListViewModel.swift; sourceTree = "<group>"; };
		06F1B64B27C6004E00AD290E /* RxMemo.app */ = {isa = PBXFileReference; explicitFileType = wrapper.application; includeInIndex = 0; path = RxMemo.app; sourceTree = BUILT_PRODUCTS_DIR; };
		06F1B64E27C6004E00AD290E /* AppDelegate.swift */ = {isa = PBXFileReference; lastKnownFileType = sourcecode.swift; path = AppDelegate.swift; sourceTree = "<group>"; };
		06F1B65027C6004E00AD290E /* SceneDelegate.swift */ = {isa = PBXFileReference; lastKnownFileType = sourcecode.swift; path = SceneDelegate.swift; sourceTree = "<group>"; };
		06F1B65527C6004E00AD290E /* Base */ = {isa = PBXFileReference; lastKnownFileType = file.storyboard; name = Base; path = Base.lproj/Main.storyboard; sourceTree = "<group>"; };
		06F1B65827C6004E00AD290E /* RxMemo.xcdatamodel */ = {isa = PBXFileReference; lastKnownFileType = wrapper.xcdatamodel; path = RxMemo.xcdatamodel; sourceTree = "<group>"; };
		06F1B65A27C6005000AD290E /* Assets.xcassets */ = {isa = PBXFileReference; lastKnownFileType = folder.assetcatalog; path = Assets.xcassets; sourceTree = "<group>"; };
		06F1B65D27C6005000AD290E /* Base */ = {isa = PBXFileReference; lastKnownFileType = file.storyboard; name = Base; path = Base.lproj/LaunchScreen.storyboard; sourceTree = "<group>"; };
		06F1B65F27C6005000AD290E /* Info.plist */ = {isa = PBXFileReference; lastKnownFileType = text.plist.xml; path = Info.plist; sourceTree = "<group>"; };
		19DBCB7C4E880754364A1D2A /* Pods_RxMemo.framework */ = {isa = PBXFileReference; explicitFileType = wrapper.framework; includeInIndex = 0; path = Pods_RxMemo.framework; sourceTree = BUILT_PRODUCTS_DIR; };
		1CA0394027C619A000647973 /* MemoDetailViewModel.swift */ = {isa = PBXFileReference; lastKnownFileType = sourcecode.swift; path = MemoDetailViewModel.swift; sourceTree = "<group>"; };
		1CA0394227C61A2F00647973 /* MemoComposeViewModel.swift */ = {isa = PBXFileReference; lastKnownFileType = sourcecode.swift; path = MemoComposeViewModel.swift; sourceTree = "<group>"; };
		1CA0394427C61ABF00647973 /* ViewModelBindableType.swift */ = {isa = PBXFileReference; lastKnownFileType = sourcecode.swift; path = ViewModelBindableType.swift; sourceTree = "<group>"; };
		32EE9FCE539CB4197EFFD1B7 /* Pods-RxMemo.debug.xcconfig */ = {isa = PBXFileReference; includeInIndex = 1; lastKnownFileType = text.xcconfig; name = "Pods-RxMemo.debug.xcconfig"; path = "Target Support Files/Pods-RxMemo/Pods-RxMemo.debug.xcconfig"; sourceTree = "<group>"; };
		A6194B9E2F93297EA48AA824 /* Pods-RxMemo.release.xcconfig */ = {isa = PBXFileReference; includeInIndex = 1; lastKnownFileType = text.xcconfig; name = "Pods-RxMemo.release.xcconfig"; path = "Target Support Files/Pods-RxMemo/Pods-RxMemo.release.xcconfig"; sourceTree = "<group>"; };
/* End PBXFileReference section */

/* Begin PBXFrameworksBuildPhase section */
		06F1B64827C6004E00AD290E /* Frameworks */ = {
			isa = PBXFrameworksBuildPhase;
			buildActionMask = 2147483647;
			files = (
				0132CF39CD9231A6241647E0 /* Pods_RxMemo.framework in Frameworks */,
			);
			runOnlyForDeploymentPostprocessing = 0;
		};
/* End PBXFrameworksBuildPhase section */

/* Begin PBXGroup section */
		065DF26227C6072500FBCBD3 /* Model */ = {
			isa = PBXGroup;
			children = (
				065DF26727C6099300FBCBD3 /* Memo.swift */,
			);
			path = Model;
			sourceTree = "<group>";
		};
		065DF26327C6073A00FBCBD3 /* ViewController */ = {
			isa = PBXGroup;
			children = (
				06F1B65427C6004E00AD290E /* Main.storyboard */,
				06F1B65C27C6005000AD290E /* LaunchScreen.storyboard */,
				065DF27027C616B600FBCBD3 /* MemoListViewController.swift */,
				065DF27227C616EC00FBCBD3 /* MemoDetailViewController.swift */,
				065DF27427C6171F00FBCBD3 /* MemoComposeViewController.swift */,
			);
			path = ViewController;
			sourceTree = "<group>";
		};
		065DF26427C6074800FBCBD3 /* ViewModel */ = {
			isa = PBXGroup;
			children = (
				065DF27627C6178C00FBCBD3 /* MemoListViewModel.swift */,
				1CA0394027C619A000647973 /* MemoDetailViewModel.swift */,
				1CA0394227C61A2F00647973 /* MemoComposeViewModel.swift */,
				1CA0394427C61ABF00647973 /* ViewModelBindableType.swift */,
			);
			path = ViewModel;
			sourceTree = "<group>";
		};
		065DF26527C6076200FBCBD3 /* Service */ = {
			isa = PBXGroup;
			children = (
				065DF26C27C60AF500FBCBD3 /* CoreDataStorage */,
				065DF26B27C60AEA00FBCBD3 /* MemoryStorage */,
				065DF26927C60A6D00FBCBD3 /* MemoStorageType.swift */,
			);
			path = Service;
			sourceTree = "<group>";
		};
		065DF26627C6077500FBCBD3 /* Scene */ = {
			isa = PBXGroup;
			children = (
			);
			path = Scene;
			sourceTree = "<group>";
		};
		065DF26B27C60AEA00FBCBD3 /* MemoryStorage */ = {
			isa = PBXGroup;
			children = (
				065DF26D27C60B2200FBCBD3 /* MemoryStorage.swift */,
			);
			path = MemoryStorage;
			sourceTree = "<group>";
		};
		065DF26C27C60AF500FBCBD3 /* CoreDataStorage */ = {
			isa = PBXGroup;
			children = (
				06F1B65727C6004E00AD290E /* RxMemo.xcdatamodeld */,
			);
			path = CoreDataStorage;
			sourceTree = "<group>";
		};
		06F1B64227C6004E00AD290E = {
			isa = PBXGroup;
			children = (
				06F1B64D27C6004E00AD290E /* RxMemo */,
				06F1B64C27C6004E00AD290E /* Products */,
				417340DDDDB9C943701EF365 /* Pods */,
				3D646F078BD48B9191B8B0A2 /* Frameworks */,
			);
			sourceTree = "<group>";
		};
		06F1B64C27C6004E00AD290E /* Products */ = {
			isa = PBXGroup;
			children = (
				06F1B64B27C6004E00AD290E /* RxMemo.app */,
			);
			name = Products;
			sourceTree = "<group>";
		};
		06F1B64D27C6004E00AD290E /* RxMemo */ = {
			isa = PBXGroup;
			children = (
				065DF26627C6077500FBCBD3 /* Scene */,
				065DF26527C6076200FBCBD3 /* Service */,
				065DF26427C6074800FBCBD3 /* ViewModel */,
				065DF26327C6073A00FBCBD3 /* ViewController */,
				065DF26227C6072500FBCBD3 /* Model */,
				06F1B64E27C6004E00AD290E /* AppDelegate.swift */,
				06F1B65027C6004E00AD290E /* SceneDelegate.swift */,
				06F1B65A27C6005000AD290E /* Assets.xcassets */,
				06F1B65F27C6005000AD290E /* Info.plist */,
			);
			path = RxMemo;
			sourceTree = "<group>";
		};
		3D646F078BD48B9191B8B0A2 /* Frameworks */ = {
			isa = PBXGroup;
			children = (
				19DBCB7C4E880754364A1D2A /* Pods_RxMemo.framework */,
			);
			name = Frameworks;
			sourceTree = "<group>";
		};
		417340DDDDB9C943701EF365 /* Pods */ = {
			isa = PBXGroup;
			children = (
				32EE9FCE539CB4197EFFD1B7 /* Pods-RxMemo.debug.xcconfig */,
				A6194B9E2F93297EA48AA824 /* Pods-RxMemo.release.xcconfig */,
			);
			path = Pods;
			sourceTree = "<group>";
		};
/* End PBXGroup section */

/* Begin PBXNativeTarget section */
		06F1B64A27C6004E00AD290E /* RxMemo */ = {
			isa = PBXNativeTarget;
			buildConfigurationList = 06F1B66227C6005000AD290E /* Build configuration list for PBXNativeTarget "RxMemo" */;
			buildPhases = (
				8E1D31ECF5276FB970BA9D9C /* [CP] Check Pods Manifest.lock */,
				06F1B64727C6004E00AD290E /* Sources */,
				06F1B64827C6004E00AD290E /* Frameworks */,
				06F1B64927C6004E00AD290E /* Resources */,
				7E7BC50EEF633A49D25EE1AC /* [CP] Embed Pods Frameworks */,
			);
			buildRules = (
			);
			dependencies = (
			);
			name = RxMemo;
			productName = RxMemo;
			productReference = 06F1B64B27C6004E00AD290E /* RxMemo.app */;
			productType = "com.apple.product-type.application";
		};
/* End PBXNativeTarget section */

/* Begin PBXProject section */
		06F1B64327C6004E00AD290E /* Project object */ = {
			isa = PBXProject;
			attributes = {
				BuildIndependentTargetsInParallel = 1;
				LastSwiftUpdateCheck = 1320;
				LastUpgradeCheck = 1320;
				TargetAttributes = {
					06F1B64A27C6004E00AD290E = {
						CreatedOnToolsVersion = 13.2;
					};
				};
			};
			buildConfigurationList = 06F1B64627C6004E00AD290E /* Build configuration list for PBXProject "RxMemo" */;
			compatibilityVersion = "Xcode 13.0";
			developmentRegion = en;
			hasScannedForEncodings = 0;
			knownRegions = (
				en,
				Base,
			);
			mainGroup = 06F1B64227C6004E00AD290E;
			productRefGroup = 06F1B64C27C6004E00AD290E /* Products */;
			projectDirPath = "";
			projectRoot = "";
			targets = (
				06F1B64A27C6004E00AD290E /* RxMemo */,
			);
		};
/* End PBXProject section */

/* Begin PBXResourcesBuildPhase section */
		06F1B64927C6004E00AD290E /* Resources */ = {
			isa = PBXResourcesBuildPhase;
			buildActionMask = 2147483647;
			files = (
				06F1B65E27C6005000AD290E /* LaunchScreen.storyboard in Resources */,
				06F1B65B27C6005000AD290E /* Assets.xcassets in Resources */,
				06F1B65627C6004E00AD290E /* Main.storyboard in Resources */,
			);
			runOnlyForDeploymentPostprocessing = 0;
		};
/* End PBXResourcesBuildPhase section */

/* Begin PBXShellScriptBuildPhase section */
		7E7BC50EEF633A49D25EE1AC /* [CP] Embed Pods Frameworks */ = {
			isa = PBXShellScriptBuildPhase;
			buildActionMask = 2147483647;
			files = (
			);
			inputFileListPaths = (
				"${PODS_ROOT}/Target Support Files/Pods-RxMemo/Pods-RxMemo-frameworks-${CONFIGURATION}-input-files.xcfilelist",
			);
			name = "[CP] Embed Pods Frameworks";
			outputFileListPaths = (
				"${PODS_ROOT}/Target Support Files/Pods-RxMemo/Pods-RxMemo-frameworks-${CONFIGURATION}-output-files.xcfilelist",
			);
			runOnlyForDeploymentPostprocessing = 0;
			shellPath = /bin/sh;
			shellScript = "\"${PODS_ROOT}/Target Support Files/Pods-RxMemo/Pods-RxMemo-frameworks.sh\"\n";
			showEnvVarsInLog = 0;
		};
		8E1D31ECF5276FB970BA9D9C /* [CP] Check Pods Manifest.lock */ = {
			isa = PBXShellScriptBuildPhase;
			buildActionMask = 2147483647;
			files = (
			);
			inputFileListPaths = (
			);
			inputPaths = (
				"${PODS_PODFILE_DIR_PATH}/Podfile.lock",
				"${PODS_ROOT}/Manifest.lock",
			);
			name = "[CP] Check Pods Manifest.lock";
			outputFileListPaths = (
			);
			outputPaths = (
				"$(DERIVED_FILE_DIR)/Pods-RxMemo-checkManifestLockResult.txt",
			);
			runOnlyForDeploymentPostprocessing = 0;
			shellPath = /bin/sh;
			shellScript = "diff \"${PODS_PODFILE_DIR_PATH}/Podfile.lock\" \"${PODS_ROOT}/Manifest.lock\" > /dev/null\nif [ $? != 0 ] ; then\n    # print error to STDERR\n    echo \"error: The sandbox is not in sync with the Podfile.lock. Run 'pod install' or update your CocoaPods installation.\" >&2\n    exit 1\nfi\n# This output is used by Xcode 'outputs' to avoid re-running this script phase.\necho \"SUCCESS\" > \"${SCRIPT_OUTPUT_FILE_0}\"\n";
			showEnvVarsInLog = 0;
		};
/* End PBXShellScriptBuildPhase section */

/* Begin PBXSourcesBuildPhase section */
		06F1B64727C6004E00AD290E /* Sources */ = {
			isa = PBXSourcesBuildPhase;
			buildActionMask = 2147483647;
			files = (
				065DF26E27C60B2200FBCBD3 /* MemoryStorage.swift in Sources */,
				1CA0394327C61A2F00647973 /* MemoComposeViewModel.swift in Sources */,
				065DF27327C616EC00FBCBD3 /* MemoDetailViewController.swift in Sources */,
				1CA0394527C61ABF00647973 /* ViewModelBindableType.swift in Sources */,
				06F1B64F27C6004E00AD290E /* AppDelegate.swift in Sources */,
				065DF26A27C60A6D00FBCBD3 /* MemoStorageType.swift in Sources */,
				06F1B65127C6004E00AD290E /* SceneDelegate.swift in Sources */,
				06F1B65927C6004E00AD290E /* RxMemo.xcdatamodeld in Sources */,
				065DF27727C6178C00FBCBD3 /* MemoListViewModel.swift in Sources */,
				1CA0394127C619A000647973 /* MemoDetailViewModel.swift in Sources */,
				065DF27127C616B600FBCBD3 /* MemoListViewController.swift in Sources */,
				065DF27527C6171F00FBCBD3 /* MemoComposeViewController.swift in Sources */,
				065DF26827C6099300FBCBD3 /* Memo.swift in Sources */,
			);
			runOnlyForDeploymentPostprocessing = 0;
		};
/* End PBXSourcesBuildPhase section */

/* Begin PBXVariantGroup section */
		06F1B65427C6004E00AD290E /* Main.storyboard */ = {
			isa = PBXVariantGroup;
			children = (
				06F1B65527C6004E00AD290E /* Base */,
			);
			name = Main.storyboard;
			sourceTree = "<group>";
		};
		06F1B65C27C6005000AD290E /* LaunchScreen.storyboard */ = {
			isa = PBXVariantGroup;
			children = (
				06F1B65D27C6005000AD290E /* Base */,
			);
			name = LaunchScreen.storyboard;
			sourceTree = "<group>";
		};
/* End PBXVariantGroup section */

/* Begin XCBuildConfiguration section */
		06F1B66027C6005000AD290E /* Debug */ = {
			isa = XCBuildConfiguration;
			buildSettings = {
				ALWAYS_SEARCH_USER_PATHS = NO;
				CLANG_ANALYZER_NONNULL = YES;
				CLANG_ANALYZER_NUMBER_OBJECT_CONVERSION = YES_AGGRESSIVE;
				CLANG_CXX_LANGUAGE_STANDARD = "gnu++17";
				CLANG_CXX_LIBRARY = "libc++";
				CLANG_ENABLE_MODULES = YES;
				CLANG_ENABLE_OBJC_ARC = YES;
				CLANG_ENABLE_OBJC_WEAK = YES;
				CLANG_WARN_BLOCK_CAPTURE_AUTORELEASING = YES;
				CLANG_WARN_BOOL_CONVERSION = YES;
				CLANG_WARN_COMMA = YES;
				CLANG_WARN_CONSTANT_CONVERSION = YES;
				CLANG_WARN_DEPRECATED_OBJC_IMPLEMENTATIONS = YES;
				CLANG_WARN_DIRECT_OBJC_ISA_USAGE = YES_ERROR;
				CLANG_WARN_DOCUMENTATION_COMMENTS = YES;
				CLANG_WARN_EMPTY_BODY = YES;
				CLANG_WARN_ENUM_CONVERSION = YES;
				CLANG_WARN_INFINITE_RECURSION = YES;
				CLANG_WARN_INT_CONVERSION = YES;
				CLANG_WARN_NON_LITERAL_NULL_CONVERSION = YES;
				CLANG_WARN_OBJC_IMPLICIT_RETAIN_SELF = YES;
				CLANG_WARN_OBJC_LITERAL_CONVERSION = YES;
				CLANG_WARN_OBJC_ROOT_CLASS = YES_ERROR;
				CLANG_WARN_QUOTED_INCLUDE_IN_FRAMEWORK_HEADER = YES;
				CLANG_WARN_RANGE_LOOP_ANALYSIS = YES;
				CLANG_WARN_STRICT_PROTOTYPES = YES;
				CLANG_WARN_SUSPICIOUS_MOVE = YES;
				CLANG_WARN_UNGUARDED_AVAILABILITY = YES_AGGRESSIVE;
				CLANG_WARN_UNREACHABLE_CODE = YES;
				CLANG_WARN__DUPLICATE_METHOD_MATCH = YES;
				COPY_PHASE_STRIP = NO;
				DEBUG_INFORMATION_FORMAT = dwarf;
				ENABLE_STRICT_OBJC_MSGSEND = YES;
				ENABLE_TESTABILITY = YES;
				GCC_C_LANGUAGE_STANDARD = gnu11;
				GCC_DYNAMIC_NO_PIC = NO;
				GCC_NO_COMMON_BLOCKS = YES;
				GCC_OPTIMIZATION_LEVEL = 0;
				GCC_PREPROCESSOR_DEFINITIONS = (
					"DEBUG=1",
					"$(inherited)",
				);
				GCC_WARN_64_TO_32_BIT_CONVERSION = YES;
				GCC_WARN_ABOUT_RETURN_TYPE = YES_ERROR;
				GCC_WARN_UNDECLARED_SELECTOR = YES;
				GCC_WARN_UNINITIALIZED_AUTOS = YES_AGGRESSIVE;
				GCC_WARN_UNUSED_FUNCTION = YES;
				GCC_WARN_UNUSED_VARIABLE = YES;
				IPHONEOS_DEPLOYMENT_TARGET = 13.0;
				MTL_ENABLE_DEBUG_INFO = INCLUDE_SOURCE;
				MTL_FAST_MATH = YES;
				ONLY_ACTIVE_ARCH = YES;
				SDKROOT = iphoneos;
				SWIFT_ACTIVE_COMPILATION_CONDITIONS = DEBUG;
				SWIFT_OPTIMIZATION_LEVEL = "-Onone";
			};
			name = Debug;
		};
		06F1B66127C6005000AD290E /* Release */ = {
			isa = XCBuildConfiguration;
			buildSettings = {
				ALWAYS_SEARCH_USER_PATHS = NO;
				CLANG_ANALYZER_NONNULL = YES;
				CLANG_ANALYZER_NUMBER_OBJECT_CONVERSION = YES_AGGRESSIVE;
				CLANG_CXX_LANGUAGE_STANDARD = "gnu++17";
				CLANG_CXX_LIBRARY = "libc++";
				CLANG_ENABLE_MODULES = YES;
				CLANG_ENABLE_OBJC_ARC = YES;
				CLANG_ENABLE_OBJC_WEAK = YES;
				CLANG_WARN_BLOCK_CAPTURE_AUTORELEASING = YES;
				CLANG_WARN_BOOL_CONVERSION = YES;
				CLANG_WARN_COMMA = YES;
				CLANG_WARN_CONSTANT_CONVERSION = YES;
				CLANG_WARN_DEPRECATED_OBJC_IMPLEMENTATIONS = YES;
				CLANG_WARN_DIRECT_OBJC_ISA_USAGE = YES_ERROR;
				CLANG_WARN_DOCUMENTATION_COMMENTS = YES;
				CLANG_WARN_EMPTY_BODY = YES;
				CLANG_WARN_ENUM_CONVERSION = YES;
				CLANG_WARN_INFINITE_RECURSION = YES;
				CLANG_WARN_INT_CONVERSION = YES;
				CLANG_WARN_NON_LITERAL_NULL_CONVERSION = YES;
				CLANG_WARN_OBJC_IMPLICIT_RETAIN_SELF = YES;
				CLANG_WARN_OBJC_LITERAL_CONVERSION = YES;
				CLANG_WARN_OBJC_ROOT_CLASS = YES_ERROR;
				CLANG_WARN_QUOTED_INCLUDE_IN_FRAMEWORK_HEADER = YES;
				CLANG_WARN_RANGE_LOOP_ANALYSIS = YES;
				CLANG_WARN_STRICT_PROTOTYPES = YES;
				CLANG_WARN_SUSPICIOUS_MOVE = YES;
				CLANG_WARN_UNGUARDED_AVAILABILITY = YES_AGGRESSIVE;
				CLANG_WARN_UNREACHABLE_CODE = YES;
				CLANG_WARN__DUPLICATE_METHOD_MATCH = YES;
				COPY_PHASE_STRIP = NO;
				DEBUG_INFORMATION_FORMAT = "dwarf-with-dsym";
				ENABLE_NS_ASSERTIONS = NO;
				ENABLE_STRICT_OBJC_MSGSEND = YES;
				GCC_C_LANGUAGE_STANDARD = gnu11;
				GCC_NO_COMMON_BLOCKS = YES;
				GCC_WARN_64_TO_32_BIT_CONVERSION = YES;
				GCC_WARN_ABOUT_RETURN_TYPE = YES_ERROR;
				GCC_WARN_UNDECLARED_SELECTOR = YES;
				GCC_WARN_UNINITIALIZED_AUTOS = YES_AGGRESSIVE;
				GCC_WARN_UNUSED_FUNCTION = YES;
				GCC_WARN_UNUSED_VARIABLE = YES;
				IPHONEOS_DEPLOYMENT_TARGET = 13.0;
				MTL_ENABLE_DEBUG_INFO = NO;
				MTL_FAST_MATH = YES;
				SDKROOT = iphoneos;
				SWIFT_COMPILATION_MODE = wholemodule;
				SWIFT_OPTIMIZATION_LEVEL = "-O";
				VALIDATE_PRODUCT = YES;
			};
			name = Release;
		};
		06F1B66327C6005000AD290E /* Debug */ = {
			isa = XCBuildConfiguration;
			baseConfigurationReference = 32EE9FCE539CB4197EFFD1B7 /* Pods-RxMemo.debug.xcconfig */;
			buildSettings = {
				ASSETCATALOG_COMPILER_APPICON_NAME = AppIcon;
				ASSETCATALOG_COMPILER_GLOBAL_ACCENT_COLOR_NAME = AccentColor;
				CODE_SIGN_STYLE = Automatic;
				CURRENT_PROJECT_VERSION = 1;
				DEVELOPMENT_TEAM = 9P6WAX9VN5;
				GENERATE_INFOPLIST_FILE = YES;
				INFOPLIST_FILE = RxMemo/Info.plist;
				INFOPLIST_KEY_UIApplicationSupportsIndirectInputEvents = YES;
				INFOPLIST_KEY_UILaunchStoryboardName = LaunchScreen;
				INFOPLIST_KEY_UIMainStoryboardFile = Main;
				INFOPLIST_KEY_UISupportedInterfaceOrientations_iPad = "UIInterfaceOrientationPortrait UIInterfaceOrientationPortraitUpsideDown UIInterfaceOrientationLandscapeLeft UIInterfaceOrientationLandscapeRight";
				INFOPLIST_KEY_UISupportedInterfaceOrientations_iPhone = "UIInterfaceOrientationPortrait UIInterfaceOrientationLandscapeLeft UIInterfaceOrientationLandscapeRight";
				LD_RUNPATH_SEARCH_PATHS = (
					"$(inherited)",
					"@executable_path/Frameworks",
				);
				MARKETING_VERSION = 1.0;
				PRODUCT_BUNDLE_IDENTIFIER = kr.co.RxMemo;
				PRODUCT_NAME = "$(TARGET_NAME)";
				SWIFT_EMIT_LOC_STRINGS = YES;
				SWIFT_VERSION = 5.0;
				TARGETED_DEVICE_FAMILY = 1;
			};
			name = Debug;
		};
		06F1B66427C6005000AD290E /* Release */ = {
			isa = XCBuildConfiguration;
			baseConfigurationReference = A6194B9E2F93297EA48AA824 /* Pods-RxMemo.release.xcconfig */;
			buildSettings = {
				ASSETCATALOG_COMPILER_APPICON_NAME = AppIcon;
				ASSETCATALOG_COMPILER_GLOBAL_ACCENT_COLOR_NAME = AccentColor;
				CODE_SIGN_STYLE = Automatic;
				CURRENT_PROJECT_VERSION = 1;
				DEVELOPMENT_TEAM = 9P6WAX9VN5;
				GENERATE_INFOPLIST_FILE = YES;
				INFOPLIST_FILE = RxMemo/Info.plist;
				INFOPLIST_KEY_UIApplicationSupportsIndirectInputEvents = YES;
				INFOPLIST_KEY_UILaunchStoryboardName = LaunchScreen;
				INFOPLIST_KEY_UIMainStoryboardFile = Main;
				INFOPLIST_KEY_UISupportedInterfaceOrientations_iPad = "UIInterfaceOrientationPortrait UIInterfaceOrientationPortraitUpsideDown UIInterfaceOrientationLandscapeLeft UIInterfaceOrientationLandscapeRight";
				INFOPLIST_KEY_UISupportedInterfaceOrientations_iPhone = "UIInterfaceOrientationPortrait UIInterfaceOrientationLandscapeLeft UIInterfaceOrientationLandscapeRight";
				LD_RUNPATH_SEARCH_PATHS = (
					"$(inherited)",
					"@executable_path/Frameworks",
				);
				MARKETING_VERSION = 1.0;
				PRODUCT_BUNDLE_IDENTIFIER = kr.co.RxMemo;
				PRODUCT_NAME = "$(TARGET_NAME)";
				SWIFT_EMIT_LOC_STRINGS = YES;
				SWIFT_VERSION = 5.0;
				TARGETED_DEVICE_FAMILY = 1;
			};
			name = Release;
		};
/* End XCBuildConfiguration section */

/* Begin XCConfigurationList section */
		06F1B64627C6004E00AD290E /* Build configuration list for PBXProject "RxMemo" */ = {
			isa = XCConfigurationList;
			buildConfigurations = (
				06F1B66027C6005000AD290E /* Debug */,
				06F1B66127C6005000AD290E /* Release */,
			);
			defaultConfigurationIsVisible = 0;
			defaultConfigurationName = Release;
		};
		06F1B66227C6005000AD290E /* Build configuration list for PBXNativeTarget "RxMemo" */ = {
			isa = XCConfigurationList;
			buildConfigurations = (
				06F1B66327C6005000AD290E /* Debug */,
				06F1B66427C6005000AD290E /* Release */,
			);
			defaultConfigurationIsVisible = 0;
			defaultConfigurationName = Release;
		};
/* End XCConfigurationList section */

/* Begin XCVersionGroup section */
		06F1B65727C6004E00AD290E /* RxMemo.xcdatamodeld */ = {
			isa = XCVersionGroup;
			children = (
				06F1B65827C6004E00AD290E /* RxMemo.xcdatamodel */,
			);
			currentVersion = 06F1B65827C6004E00AD290E /* RxMemo.xcdatamodel */;
			path = RxMemo.xcdatamodeld;
			sourceTree = "<group>";
			versionGroupType = wrapper.xcdatamodel;
		};
/* End XCVersionGroup section */
	};
	rootObject = 06F1B64327C6004E00AD290E /* Project object */;
}
